// !$*UTF8*$!
{
	archiveVersion = 1;
	classes = {
	};
	objectVersion = 46;
	objects = {

/* Begin PBXBuildFile section */
		E43FDDB01D116DEC00FE8F0F /* AppDelegate.swift in Sources */ = {isa = PBXBuildFile; fileRef = E43FDDAF1D116DEC00FE8F0F /* AppDelegate.swift */; };
		E43FDDB21D116DEC00FE8F0F /* GameScene.sks in Resources */ = {isa = PBXBuildFile; fileRef = E43FDDB11D116DEC00FE8F0F /* GameScene.sks */; };
		E43FDDB41D116DEC00FE8F0F /* GameScene.swift in Sources */ = {isa = PBXBuildFile; fileRef = E43FDDB31D116DEC00FE8F0F /* GameScene.swift */; };
		E43FDDB61D116DEC00FE8F0F /* GameViewController.swift in Sources */ = {isa = PBXBuildFile; fileRef = E43FDDB51D116DEC00FE8F0F /* GameViewController.swift */; };
		E43FDDB91D116DEC00FE8F0F /* Main.storyboard in Resources */ = {isa = PBXBuildFile; fileRef = E43FDDB71D116DEC00FE8F0F /* Main.storyboard */; };
		E43FDDBB1D116DEC00FE8F0F /* Assets.xcassets in Resources */ = {isa = PBXBuildFile; fileRef = E43FDDBA1D116DEC00FE8F0F /* Assets.xcassets */; };
		E43FDDBE1D116DEC00FE8F0F /* LaunchScreen.storyboard in Resources */ = {isa = PBXBuildFile; fileRef = E43FDDBC1D116DEC00FE8F0F /* LaunchScreen.storyboard */; };
		E43FDDC91D116DED00FE8F0F /* CrappyBirdTests.swift in Sources */ = {isa = PBXBuildFile; fileRef = E43FDDC81D116DED00FE8F0F /* CrappyBirdTests.swift */; };
		E43FDDD41D116DED00FE8F0F /* CrappyBirdUITests.swift in Sources */ = {isa = PBXBuildFile; fileRef = E43FDDD31D116DED00FE8F0F /* CrappyBirdUITests.swift */; };
/* End PBXBuildFile section */

/* Begin PBXContainerItemProxy section */
		E43FDDC51D116DED00FE8F0F /* PBXContainerItemProxy */ = {
			isa = PBXContainerItemProxy;
			containerPortal = E43FDDA41D116DEC00FE8F0F /* Project object */;
			proxyType = 1;
			remoteGlobalIDString = E43FDDAB1D116DEC00FE8F0F;
			remoteInfo = CrappyBird;
		};
		E43FDDD01D116DED00FE8F0F /* PBXContainerItemProxy */ = {
			isa = PBXContainerItemProxy;
			containerPortal = E43FDDA41D116DEC00FE8F0F /* Project object */;
			proxyType = 1;
			remoteGlobalIDString = E43FDDAB1D116DEC00FE8F0F;
			remoteInfo = CrappyBird;
		};
/* End PBXContainerItemProxy section */

/* Begin PBXFileReference section */
		E43FDDAC1D116DEC00FE8F0F /* CrappyBird.app */ = {isa = PBXFileReference; explicitFileType = wrapper.application; includeInIndex = 0; path = CrappyBird.app; sourceTree = BUILT_PRODUCTS_DIR; };
		E43FDDAF1D116DEC00FE8F0F /* AppDelegate.swift */ = {isa = PBXFileReference; lastKnownFileType = sourcecode.swift; path = AppDelegate.swift; sourceTree = "<group>"; };
		E43FDDB11D116DEC00FE8F0F /* GameScene.sks */ = {isa = PBXFileReference; lastKnownFileType = file.sks; path = GameScene.sks; sourceTree = "<group>"; };
		E43FDDB31D116DEC00FE8F0F /* GameScene.swift */ = {isa = PBXFileReference; lastKnownFileType = sourcecode.swift; path = GameScene.swift; sourceTree = "<group>"; };
		E43FDDB51D116DEC00FE8F0F /* GameViewController.swift */ = {isa = PBXFileReference; lastKnownFileType = sourcecode.swift; path = GameViewController.swift; sourceTree = "<group>"; };
		E43FDDB81D116DEC00FE8F0F /* Base */ = {isa = PBXFileReference; lastKnownFileType = file.storyboard; name = Base; path = Base.lproj/Main.storyboard; sourceTree = "<group>"; };
		E43FDDBA1D116DEC00FE8F0F /* Assets.xcassets */ = {isa = PBXFileReference; lastKnownFileType = folder.assetcatalog; path = Assets.xcassets; sourceTree = "<group>"; };
		E43FDDBD1D116DEC00FE8F0F /* Base */ = {isa = PBXFileReference; lastKnownFileType = file.storyboard; name = Base; path = Base.lproj/LaunchScreen.storyboard; sourceTree = "<group>"; };
		E43FDDBF1D116DEC00FE8F0F /* Info.plist */ = {isa = PBXFileReference; lastKnownFileType = text.plist.xml; path = Info.plist; sourceTree = "<group>"; };
		E43FDDC41D116DED00FE8F0F /* CrappyBirdTests.xctest */ = {isa = PBXFileReference; explicitFileType = wrapper.cfbundle; includeInIndex = 0; path = CrappyBirdTests.xctest; sourceTree = BUILT_PRODUCTS_DIR; };
		E43FDDC81D116DED00FE8F0F /* CrappyBirdTests.swift */ = {isa = PBXFileReference; lastKnownFileType = sourcecode.swift; path = CrappyBirdTests.swift; sourceTree = "<group>"; };
		E43FDDCA1D116DED00FE8F0F /* Info.plist */ = {isa = PBXFileReference; lastKnownFileType = text.plist.xml; path = Info.plist; sourceTree = "<group>"; };
		E43FDDCF1D116DED00FE8F0F /* CrappyBirdUITests.xctest */ = {isa = PBXFileReference; explicitFileType = wrapper.cfbundle; includeInIndex = 0; path = CrappyBirdUITests.xctest; sourceTree = BUILT_PRODUCTS_DIR; };
		E43FDDD31D116DED00FE8F0F /* CrappyBirdUITests.swift */ = {isa = PBXFileReference; lastKnownFileType = sourcecode.swift; path = CrappyBirdUITests.swift; sourceTree = "<group>"; };
		E43FDDD51D116DED00FE8F0F /* Info.plist */ = {isa = PBXFileReference; lastKnownFileType = text.plist.xml; path = Info.plist; sourceTree = "<group>"; };
/* End PBXFileReference section */

/* Begin PBXFrameworksBuildPhase section */
		E43FDDA91D116DEC00FE8F0F /* Frameworks */ = {
			isa = PBXFrameworksBuildPhase;
			buildActionMask = 2147483647;
			files = (
			);
			runOnlyForDeploymentPostprocessing = 0;
		};
		E43FDDC11D116DED00FE8F0F /* Frameworks */ = {
			isa = PBXFrameworksBuildPhase;
			buildActionMask = 2147483647;
			files = (
			);
			runOnlyForDeploymentPostprocessing = 0;
		};
		E43FDDCC1D116DED00FE8F0F /* Frameworks */ = {
			isa = PBXFrameworksBuildPhase;
			buildActionMask = 2147483647;
			files = (
			);
			runOnlyForDeploymentPostprocessing = 0;
		};
/* End PBXFrameworksBuildPhase section */

/* Begin PBXGroup section */
		E43FDDA31D116DEB00FE8F0F = {
			isa = PBXGroup;
			children = (
				E43FDDAE1D116DEC00FE8F0F /* CrappyBird */,
				E43FDDC71D116DED00FE8F0F /* CrappyBirdTests */,
				E43FDDD21D116DED00FE8F0F /* CrappyBirdUITests */,
				E43FDDAD1D116DEC00FE8F0F /* Products */,
			);
			sourceTree = "<group>";
		};
		E43FDDAD1D116DEC00FE8F0F /* Products */ = {
			isa = PBXGroup;
			children = (
				E43FDDAC1D116DEC00FE8F0F /* CrappyBird.app */,
				E43FDDC41D116DED00FE8F0F /* CrappyBirdTests.xctest */,
				E43FDDCF1D116DED00FE8F0F /* CrappyBirdUITests.xctest */,
			);
			name = Products;
			sourceTree = "<group>";
		};
		E43FDDAE1D116DEC00FE8F0F /* CrappyBird */ = {
			isa = PBXGroup;
			children = (
				E43FDDAF1D116DEC00FE8F0F /* AppDelegate.swift */,
				E43FDDB11D116DEC00FE8F0F /* GameScene.sks */,
				E43FDDB31D116DEC00FE8F0F /* GameScene.swift */,
				E43FDDB51D116DEC00FE8F0F /* GameViewController.swift */,
				E43FDDB71D116DEC00FE8F0F /* Main.storyboard */,
				E43FDDBA1D116DEC00FE8F0F /* Assets.xcassets */,
				E43FDDBC1D116DEC00FE8F0F /* LaunchScreen.storyboard */,
				E43FDDBF1D116DEC00FE8F0F /* Info.plist */,
			);
			path = CrappyBird;
			sourceTree = "<group>";
		};
		E43FDDC71D116DED00FE8F0F /* CrappyBirdTests */ = {
			isa = PBXGroup;
			children = (
				E43FDDC81D116DED00FE8F0F /* CrappyBirdTests.swift */,
				E43FDDCA1D116DED00FE8F0F /* Info.plist */,
			);
			path = CrappyBirdTests;
			sourceTree = "<group>";
		};
		E43FDDD21D116DED00FE8F0F /* CrappyBirdUITests */ = {
			isa = PBXGroup;
			children = (
				E43FDDD31D116DED00FE8F0F /* CrappyBirdUITests.swift */,
				E43FDDD51D116DED00FE8F0F /* Info.plist */,
			);
			path = CrappyBirdUITests;
			sourceTree = "<group>";
		};
/* End PBXGroup section */

/* Begin PBXNativeTarget section */
		E43FDDAB1D116DEC00FE8F0F /* CrappyBird */ = {
			isa = PBXNativeTarget;
			buildConfigurationList = E43FDDD81D116DED00FE8F0F /* Build configuration list for PBXNativeTarget "CrappyBird" */;
			buildPhases = (
				E43FDDA81D116DEC00FE8F0F /* Sources */,
				E43FDDA91D116DEC00FE8F0F /* Frameworks */,
				E43FDDAA1D116DEC00FE8F0F /* Resources */,
			);
			buildRules = (
			);
			dependencies = (
			);
			name = CrappyBird;
			productName = CrappyBird;
			productReference = E43FDDAC1D116DEC00FE8F0F /* CrappyBird.app */;
			productType = "com.apple.product-type.application";
		};
		E43FDDC31D116DED00FE8F0F /* CrappyBirdTests */ = {
			isa = PBXNativeTarget;
			buildConfigurationList = E43FDDDB1D116DED00FE8F0F /* Build configuration list for PBXNativeTarget "CrappyBirdTests" */;
			buildPhases = (
				E43FDDC01D116DED00FE8F0F /* Sources */,
				E43FDDC11D116DED00FE8F0F /* Frameworks */,
				E43FDDC21D116DED00FE8F0F /* Resources */,
			);
			buildRules = (
			);
			dependencies = (
				E43FDDC61D116DED00FE8F0F /* PBXTargetDependency */,
			);
			name = CrappyBirdTests;
			productName = CrappyBirdTests;
			productReference = E43FDDC41D116DED00FE8F0F /* CrappyBirdTests.xctest */;
			productType = "com.apple.product-type.bundle.unit-test";
		};
		E43FDDCE1D116DED00FE8F0F /* CrappyBirdUITests */ = {
			isa = PBXNativeTarget;
			buildConfigurationList = E43FDDDE1D116DED00FE8F0F /* Build configuration list for PBXNativeTarget "CrappyBirdUITests" */;
			buildPhases = (
				E43FDDCB1D116DED00FE8F0F /* Sources */,
				E43FDDCC1D116DED00FE8F0F /* Frameworks */,
				E43FDDCD1D116DED00FE8F0F /* Resources */,
			);
			buildRules = (
			);
			dependencies = (
				E43FDDD11D116DED00FE8F0F /* PBXTargetDependency */,
			);
			name = CrappyBirdUITests;
			productName = CrappyBirdUITests;
			productReference = E43FDDCF1D116DED00FE8F0F /* CrappyBirdUITests.xctest */;
			productType = "com.apple.product-type.bundle.ui-testing";
		};
/* End PBXNativeTarget section */

/* Begin PBXProject section */
		E43FDDA41D116DEC00FE8F0F /* Project object */ = {
			isa = PBXProject;
			attributes = {
				LastSwiftUpdateCheck = 0720;
				LastUpgradeCheck = 0720;
				ORGANIZATIONNAME = "Darijan Vertovsek";
				TargetAttributes = {
					E43FDDAB1D116DEC00FE8F0F = {
						CreatedOnToolsVersion = 7.2;
					};
					E43FDDC31D116DED00FE8F0F = {
						CreatedOnToolsVersion = 7.2;
						TestTargetID = E43FDDAB1D116DEC00FE8F0F;
					};
					E43FDDCE1D116DED00FE8F0F = {
						CreatedOnToolsVersion = 7.2;
						TestTargetID = E43FDDAB1D116DEC00FE8F0F;
					};
				};
			};
			buildConfigurationList = E43FDDA71D116DEC00FE8F0F /* Build configuration list for PBXProject "CrappyBird" */;
			compatibilityVersion = "Xcode 3.2";
			developmentRegion = English;
			hasScannedForEncodings = 0;
			knownRegions = (
				en,
				Base,
			);
			mainGroup = E43FDDA31D116DEB00FE8F0F;
			productRefGroup = E43FDDAD1D116DEC00FE8F0F /* Products */;
			projectDirPath = "";
			projectRoot = "";
			targets = (
				E43FDDAB1D116DEC00FE8F0F /* CrappyBird */,
				E43FDDC31D116DED00FE8F0F /* CrappyBirdTests */,
				E43FDDCE1D116DED00FE8F0F /* CrappyBirdUITests */,
			);
		};
/* End PBXProject section */

/* Begin PBXResourcesBuildPhase section */
		E43FDDAA1D116DEC00FE8F0F /* Resources */ = {
			isa = PBXResourcesBuildPhase;
			buildActionMask = 2147483647;
			files = (
				E43FDDB21D116DEC00FE8F0F /* GameScene.sks in Resources */,
				E43FDDBE1D116DEC00FE8F0F /* LaunchScreen.storyboard in Resources */,
				E43FDDBB1D116DEC00FE8F0F /* Assets.xcassets in Resources */,
				E43FDDB91D116DEC00FE8F0F /* Main.storyboard in Resources */,
			);
			runOnlyForDeploymentPostprocessing = 0;
		};
		E43FDDC21D116DED00FE8F0F /* Resources */ = {
			isa = PBXResourcesBuildPhase;
			buildActionMask = 2147483647;
			files = (
			);
			runOnlyForDeploymentPostprocessing = 0;
		};
		E43FDDCD1D116DED00FE8F0F /* Resources */ = {
			isa = PBXResourcesBuildPhase;
			buildActionMask = 2147483647;
			files = (
			);
			runOnlyForDeploymentPostprocessing = 0;
		};
/* End PBXResourcesBuildPhase section */

/* Begin PBXSourcesBuildPhase section */
		E43FDDA81D116DEC00FE8F0F /* Sources */ = {
			isa = PBXSourcesBuildPhase;
			buildActionMask = 2147483647;
			files = (
				E43FDDB41D116DEC00FE8F0F /* GameScene.swift in Sources */,
				E43FDDB61D116DEC00FE8F0F /* GameViewController.swift in Sources */,
				E43FDDB01D116DEC00FE8F0F /* AppDelegate.swift in Sources */,
			);
			runOnlyForDeploymentPostprocessing = 0;
		};
		E43FDDC01D116DED00FE8F0F /* Sources */ = {
			isa = PBXSourcesBuildPhase;
			buildActionMask = 2147483647;
			files = (
				E43FDDC91D116DED00FE8F0F /* CrappyBirdTests.swift in Sources */,
			);
			runOnlyForDeploymentPostprocessing = 0;
		};
		E43FDDCB1D116DED00FE8F0F /* Sources */ = {
			isa = PBXSourcesBuildPhase;
			buildActionMask = 2147483647;
			files = (
				E43FDDD41D116DED00FE8F0F /* CrappyBirdUITests.swift in Sources */,
			);
			runOnlyForDeploymentPostprocessing = 0;
		};
/* End PBXSourcesBuildPhase section */

/* Begin PBXTargetDependency section */
		E43FDDC61D116DED00FE8F0F /* PBXTargetDependency */ = {
			isa = PBXTargetDependency;
			target = E43FDDAB1D116DEC00FE8F0F /* CrappyBird */;
			targetProxy = E43FDDC51D116DED00FE8F0F /* PBXContainerItemProxy */;
		};
		E43FDDD11D116DED00FE8F0F /* PBXTargetDependency */ = {
			isa = PBXTargetDependency;
			target = E43FDDAB1D116DEC00FE8F0F /* CrappyBird */;
			targetProxy = E43FDDD01D116DED00FE8F0F /* PBXContainerItemProxy */;
		};
/* End PBXTargetDependency section */

/* Begin PBXVariantGroup section */
		E43FDDB71D116DEC00FE8F0F /* Main.storyboard */ = {
			isa = PBXVariantGroup;
			children = (
				E43FDDB81D116DEC00FE8F0F /* Base */,
			);
			name = Main.storyboard;
			sourceTree = "<group>";
		};
		E43FDDBC1D116DEC00FE8F0F /* LaunchScreen.storyboard */ = {
			isa = PBXVariantGroup;
			children = (
				E43FDDBD1D116DEC00FE8F0F /* Base */,
			);
			name = LaunchScreen.storyboard;
			sourceTree = "<group>";
		};
/* End PBXVariantGroup section */

/* Begin XCBuildConfiguration section */
		E43FDDD61D116DED00FE8F0F /* Debug */ = {
			isa = XCBuildConfiguration;
			buildSettings = {
				ALWAYS_SEARCH_USER_PATHS = NO;
				CLANG_CXX_LANGUAGE_STANDARD = "gnu++0x";
				CLANG_CXX_LIBRARY = "libc++";
				CLANG_ENABLE_MODULES = YES;
				CLANG_ENABLE_OBJC_ARC = YES;
				CLANG_WARN_BOOL_CONVERSION = YES;
				CLANG_WARN_CONSTANT_CONVERSION = YES;
				CLANG_WARN_DIRECT_OBJC_ISA_USAGE = YES_ERROR;
				CLANG_WARN_EMPTY_BODY = YES;
				CLANG_WARN_ENUM_CONVERSION = YES;
				CLANG_WARN_INT_CONVERSION = YES;
				CLANG_WARN_OBJC_ROOT_CLASS = YES_ERROR;
				CLANG_WARN_UNREACHABLE_CODE = YES;
				CLANG_WARN__DUPLICATE_METHOD_MATCH = YES;
				"CODE_SIGN_IDENTITY[sdk=iphoneos*]" = "iPhone Developer";
				COPY_PHASE_STRIP = NO;
				DEBUG_INFORMATION_FORMAT = "dwarf-with-dsym";
				ENABLE_STRICT_OBJC_MSGSEND = YES;
				ENABLE_TESTABILITY = YES;
				GCC_C_LANGUAGE_STANDARD = gnu99;
				GCC_DYNAMIC_NO_PIC = NO;
				GCC_NO_COMMON_BLOCKS = YES;
				GCC_OPTIMIZATION_LEVEL = 0;
				GCC_PREPROCESSOR_DEFINITIONS = (
					"DEBUG=1",
					"$(inherited)",
				);
				GCC_WARN_64_TO_32_BIT_CONVERSION = YES;
				GCC_WARN_ABOUT_RETURN_TYPE = YES_ERROR;
				GCC_WARN_UNDECLARED_SELECTOR = YES;
				GCC_WARN_UNINITIALIZED_AUTOS = YES_AGGRESSIVE;
				GCC_WARN_UNUSED_FUNCTION = YES;
				GCC_WARN_UNUSED_VARIABLE = YES;
				IPHONEOS_DEPLOYMENT_TARGET = 9.2;
				MTL_ENABLE_DEBUG_INFO = YES;
				ONLY_ACTIVE_ARCH = YES;
				SDKROOT = iphoneos;
				SWIFT_OPTIMIZATION_LEVEL = "-Onone";
				TARGETED_DEVICE_FAMILY = "1,2";
			};
			name = Debug;
		};
		E43FDDD71D116DED00FE8F0F /* Release */ = {
			isa = XCBuildConfiguration;
			buildSettings = {
				ALWAYS_SEARCH_USER_PATHS = NO;
				CLANG_CXX_LANGUAGE_STANDARD = "gnu++0x";
				CLANG_CXX_LIBRARY = "libc++";
				CLANG_ENABLE_MODULES = YES;
				CLANG_ENABLE_OBJC_ARC = YES;
				CLANG_WARN_BOOL_CONVERSION = YES;
				CLANG_WARN_CONSTANT_CONVERSION = YES;
				CLANG_WARN_DIRECT_OBJC_ISA_USAGE = YES_ERROR;
				CLANG_WARN_EMPTY_BODY = YES;
				CLANG_WARN_ENUM_CONVERSION = YES;
				CLANG_WARN_INT_CONVERSION = YES;
				CLANG_WARN_OBJC_ROOT_CLASS = YES_ERROR;
				CLANG_WARN_UNREACHABLE_CODE = YES;
				CLANG_WARN__DUPLICATE_METHOD_MATCH = YES;
				"CODE_SIGN_IDENTITY[sdk=iphoneos*]" = "iPhone Developer";
				COPY_PHASE_STRIP = NO;
				DEBUG_INFORMATION_FORMAT = "dwarf-with-dsym";
				ENABLE_NS_ASSERTIONS = NO;
				ENABLE_STRICT_OBJC_MSGSEND = YES;
				GCC_C_LANGUAGE_STANDARD = gnu99;
				GCC_NO_COMMON_BLOCKS = YES;
				GCC_WARN_64_TO_32_BIT_CONVERSION = YES;
				GCC_WARN_ABOUT_RETURN_TYPE = YES_ERROR;
				GCC_WARN_UNDECLARED_SELECTOR = YES;
				GCC_WARN_UNINITIALIZED_AUTOS = YES_AGGRESSIVE;
				GCC_WARN_UNUSED_FUNCTION = YES;
				GCC_WARN_UNUSED_VARIABLE = YES;
				IPHONEOS_DEPLOYMENT_TARGET = 9.2;
				MTL_ENABLE_DEBUG_INFO = NO;
				SDKROOT = iphoneos;
				TARGETED_DEVICE_FAMILY = "1,2";
				VALIDATE_PRODUCT = YES;
			};
			name = Release;
		};
		E43FDDD91D116DED00FE8F0F /* Debug */ = {
			isa = XCBuildConfiguration;
			buildSettings = {
				ASSETCATALOG_COMPILER_APPICON_NAME = AppIcon;
				INFOPLIST_FILE = CrappyBird/Info.plist;
				LD_RUNPATH_SEARCH_PATHS = "$(inherited) @executable_path/Frameworks";
				PRODUCT_BUNDLE_IDENTIFIER = com.dvertovsek.CrappyBird;
				PRODUCT_NAME = "$(TARGET_NAME)";
			};
			name = Debug;
		};
		E43FDDDA1D116DED00FE8F0F /* Release */ = {
			isa = XCBuildConfiguration;
			buildSettings = {
				ASSETCATALOG_COMPILER_APPICON_NAME = AppIcon;
				INFOPLIST_FILE = CrappyBird/Info.plist;
				LD_RUNPATH_SEARCH_PATHS = "$(inherited) @executable_path/Frameworks";
				PRODUCT_BUNDLE_IDENTIFIER = com.dvertovsek.CrappyBird;
				PRODUCT_NAME = "$(TARGET_NAME)";
			};
			name = Release;
		};
		E43FDDDC1D116DED00FE8F0F /* Debug */ = {
			isa = XCBuildConfiguration;
			buildSettings = {
				BUNDLE_LOADER = "$(TEST_HOST)";
				DEBUG_INFORMATION_FORMAT = dwarf;
				INFOPLIST_FILE = CrappyBirdTests/Info.plist;
				LD_RUNPATH_SEARCH_PATHS = "$(inherited) @executable_path/Frameworks @loader_path/Frameworks";
				PRODUCT_BUNDLE_IDENTIFIER = com.dvertovsek.CrappyBirdTests;
				PRODUCT_NAME = "$(TARGET_NAME)";
				TEST_HOST = "$(BUILT_PRODUCTS_DIR)/CrappyBird.app/CrappyBird";
			};
			name = Debug;
		};
		E43FDDDD1D116DED00FE8F0F /* Release */ = {
			isa = XCBuildConfiguration;
			buildSettings = {
				BUNDLE_LOADER = "$(TEST_HOST)";
				INFOPLIST_FILE = CrappyBirdTests/Info.plist;
				LD_RUNPATH_SEARCH_PATHS = "$(inherited) @executable_path/Frameworks @loader_path/Frameworks";
				PRODUCT_BUNDLE_IDENTIFIER = com.dvertovsek.CrappyBirdTests;
				PRODUCT_NAME = "$(TARGET_NAME)";
				TEST_HOST = "$(BUILT_PRODUCTS_DIR)/CrappyBird.app/CrappyBird";
			};
			name = Release;
		};
		E43FDDDF1D116DED00FE8F0F /* Debug */ = {
			isa = XCBuildConfiguration;
			buildSettings = {
				DEBUG_INFORMATION_FORMAT = dwarf;
				INFOPLIST_FILE = CrappyBirdUITests/Info.plist;
				LD_RUNPATH_SEARCH_PATHS = "$(inherited) @executable_path/Frameworks @loader_path/Frameworks";
				PRODUCT_BUNDLE_IDENTIFIER = com.dvertovsek.CrappyBirdUITests;
				PRODUCT_NAME = "$(TARGET_NAME)";
				TEST_TARGET_NAME = CrappyBird;
				USES_XCTRUNNER = YES;
			};
			name = Debug;
		};
		E43FDDE01D116DED00FE8F0F /* Release */ = {
			isa = XCBuildConfiguration;
			buildSettings = {
				INFOPLIST_FILE = CrappyBirdUITests/Info.plist;
				LD_RUNPATH_SEARCH_PATHS = "$(inherited) @executable_path/Frameworks @loader_path/Frameworks";
				PRODUCT_BUNDLE_IDENTIFIER = com.dvertovsek.CrappyBirdUITests;
				PRODUCT_NAME = "$(TARGET_NAME)";
				TEST_TARGET_NAME = CrappyBird;
				USES_XCTRUNNER = YES;
			};
			name = Release;
		};
/* End XCBuildConfiguration section */

/* Begin XCConfigurationList section */
		E43FDDA71D116DEC00FE8F0F /* Build configuration list for PBXProject "CrappyBird" */ = {
			isa = XCConfigurationList;
			buildConfigurations = (
				E43FDDD61D116DED00FE8F0F /* Debug */,
				E43FDDD71D116DED00FE8F0F /* Release */,
			);
			defaultConfigurationIsVisible = 0;
			defaultConfigurationName = Release;
		};
		E43FDDD81D116DED00FE8F0F /* Build configuration list for PBXNativeTarget "CrappyBird" */ = {
			isa = XCConfigurationList;
			buildConfigurations = (
				E43FDDD91D116DED00FE8F0F /* Debug */,
				E43FDDDA1D116DED00FE8F0F /* Release */,
			);
			defaultConfigurationIsVisible = 0;
		};
		E43FDDDB1D116DED00FE8F0F /* Build configuration list for PBXNativeTarget "CrappyBirdTests" */ = {
			isa = XCConfigurationList;
			buildConfigurations = (
				E43FDDDC1D116DED00FE8F0F /* Debug */,
				E43FDDDD1D116DED00FE8F0F /* Release */,
			);
			defaultConfigurationIsVisible = 0;
		};
		E43FDDDE1D116DED00FE8F0F /* Build configuration list for PBXNativeTarget "CrappyBirdUITests" */ = {
			isa = XCConfigurationList;
			buildConfigurations = (
				E43FDDDF1D116DED00FE8F0F /* Debug */,
				E43FDDE01D116DED00FE8F0F /* Release */,
			);
			defaultConfigurationIsVisible = 0;
		};
/* End XCConfigurationList section */
	};
	rootObject = E43FDDA41D116DEC00FE8F0F /* Project object */;
}
